
Microsoft Visual Studio Solution File, Format Version 12.00
# Visual Studio Version 16
VisualStudioVersion = 16.0.30128.74
MinimumVisualStudioVersion = 10.0.40219.1
Project("{FAE04EC0-301F-11D3-BF4B-00C04F79EFBC}") = "GSCrm", "GSCrm\GSCrm.csproj", "{71448635-CA92-40C6-BAB4-D676F6B550E3}"
EndProject
Global
	GlobalSection(SolutionConfigurationPlatforms) = preSolution
		Debug|Any CPU = Debug|Any CPU
		Release|Any CPU = Release|Any CPU
	EndGlobalSection
	GlobalSection(ProjectConfigurationPlatforms) = postSolution
		{71448635-CA92-40C6-BAB4-D676F6B550E3}.Debug|Any CPU.ActiveCfg = Debug|Any CPU
		{71448635-CA92-40C6-BAB4-D676F6B550E3}.Debug|Any CPU.Build.0 = Debug|Any CPU
		{71448635-CA92-40C6-BAB4-D676F6B550E3}.Release|Any CPU.ActiveCfg = Release|Any CPU
		{71448635-CA92-40C6-BAB4-D676F6B550E3}.Release|Any CPU.Build.0 = Release|Any CPU
	EndGlobalSection
	GlobalSection(SolutionProperties) = preSolution
		HideSolutionNode = FALSE
	EndGlobalSection
	GlobalSection(ExtensibilityGlobals) = postSolution
		SolutionGuid = {EE515E26-CDFC-46AF-93FC-EC32C771100E}
	EndGlobalSection
EndGlobal
